
Microsoft Visual Studio Solution File, Format Version 12.00
# Visual Studio Version 17
VisualStudioVersion = 17.0.31903.59
MinimumVisualStudioVersion = 10.0.40219.1
Project("{FAE04EC0-301F-11D3-BF4B-00C04F79EFBC}") = "welcome", "welcome.csproj", "{50D58E3F-87D4-4B59-B399-D17E45FC537B}"
EndProject
Global
	GlobalSection(SolutionConfigurationPlatforms) = preSolution
		Debug|Any CPU = Debug|Any CPU
		Release|Any CPU = Release|Any CPU
	EndGlobalSection
	GlobalSection(ProjectConfigurationPlatforms) = postSolution
		{50D58E3F-87D4-4B59-B399-D17E45FC537B}.Debug|Any CPU.ActiveCfg = Debug|Any CPU
		{50D58E3F-87D4-4B59-B399-D17E45FC537B}.Debug|Any CPU.Build.0 = Debug|Any CPU
		{50D58E3F-87D4-4B59-B399-D17E45FC537B}.Release|Any CPU.ActiveCfg = Release|Any CPU
		{50D58E3F-87D4-4B59-B399-D17E45FC537B}.Release|Any CPU.Build.0 = Release|Any CPU
	EndGlobalSection
	GlobalSection(SolutionProperties) = preSolution
		HideSolutionNode = FALSE
	EndGlobalSection
	GlobalSection(ExtensibilityGlobals) = postSolution
		SolutionGuid = {7C21B987-66DA-42B0-B84F-F0B202AB6B6E}
	EndGlobalSection
EndGlobal
